
Microsoft Visual Studio Solution File, Format Version 12.00
# Visual Studio Version 17
VisualStudioVersion = 17.5.002.0
MinimumVisualStudioVersion = 10.0.40219.1
Project("{9A19103F-16F7-4668-BE54-9A1E7A4F7556}") = "MvcMovie", "MvcMovie.csproj", "{23623924-CAF3-4132-80E0-233352C8D80B}"
EndProject
Global
	GlobalSection(SolutionConfigurationPlatforms) = preSolution
		Debug|Any CPU = Debug|Any CPU
		Release|Any CPU = Release|Any CPU
	EndGlobalSection
	GlobalSection(ProjectConfigurationPlatforms) = postSolution
		{23623924-CAF3-4132-80E0-233352C8D80B}.Debug|Any CPU.ActiveCfg = Debug|Any CPU
		{23623924-CAF3-4132-80E0-233352C8D80B}.Debug|Any CPU.Build.0 = Debug|Any CPU
		{23623924-CAF3-4132-80E0-233352C8D80B}.Release|Any CPU.ActiveCfg = Release|Any CPU
		{23623924-CAF3-4132-80E0-233352C8D80B}.Release|Any CPU.Build.0 = Release|Any CPU
	EndGlobalSection
	GlobalSection(SolutionProperties) = preSolution
		HideSolutionNode = FALSE
	EndGlobalSection
	GlobalSection(ExtensibilityGlobals) = postSolution
		SolutionGuid = {920C5C36-441E-47F5-8A51-244F6B143A0D}
	EndGlobalSection
EndGlobal
